// !$*UTF8*$!
{
	archiveVersion = 1;
	classes = {
	};
	objectVersion = 46;
	objects = {

/* Begin PBXBuildFile section */
		BFEDAB461EBC47C6000D267F /* main.m in Sources */ = {isa = PBXBuildFile; fileRef = BFEDAB451EBC47C6000D267F /* main.m */; };
		BFEDAB491EBC47C6000D267F /* AppDelegate.m in Sources */ = {isa = PBXBuildFile; fileRef = BFEDAB481EBC47C6000D267F /* AppDelegate.m */; };
		BFEDAB4C1EBC47C6000D267F /* ViewController.m in Sources */ = {isa = PBXBuildFile; fileRef = BFEDAB4B1EBC47C6000D267F /* ViewController.m */; };
		BFEDAB511EBC47C6000D267F /* Assets.xcassets in Resources */ = {isa = PBXBuildFile; fileRef = BFEDAB501EBC47C6000D267F /* Assets.xcassets */; };
		BFEDAB541EBC47C6000D267F /* LaunchScreen.storyboard in Resources */ = {isa = PBXBuildFile; fileRef = BFEDAB521EBC47C6000D267F /* LaunchScreen.storyboard */; };
		BFEDAB5D1EBC4998000D267F /* NewTool.m in Sources */ = {isa = PBXBuildFile; fileRef = BFEDAB5C1EBC4998000D267F /* NewTool.m */; };
		BFEDAB601EBC54F6000D267F /* NewViewController.m in Sources */ = {isa = PBXBuildFile; fileRef = BFEDAB5F1EBC54F6000D267F /* NewViewController.m */; };
/* End PBXBuildFile section */

/* Begin PBXFileReference section */
		BFEDAB411EBC47C6000D267F /* NewProject.app */ = {isa = PBXFileReference; explicitFileType = wrapper.application; includeInIndex = 0; path = NewProject.app; sourceTree = BUILT_PRODUCTS_DIR; };
		BFEDAB451EBC47C6000D267F /* main.m */ = {isa = PBXFileReference; lastKnownFileType = sourcecode.c.objc; path = main.m; sourceTree = "<group>"; };
		BFEDAB471EBC47C6000D267F /* AppDelegate.h */ = {isa = PBXFileReference; lastKnownFileType = sourcecode.c.h; path = AppDelegate.h; sourceTree = "<group>"; };
		BFEDAB481EBC47C6000D267F /* AppDelegate.m */ = {isa = PBXFileReference; lastKnownFileType = sourcecode.c.objc; path = AppDelegate.m; sourceTree = "<group>"; };
		BFEDAB4A1EBC47C6000D267F /* ViewController.h */ = {isa = PBXFileReference; lastKnownFileType = sourcecode.c.h; path = ViewController.h; sourceTree = "<group>"; };
		BFEDAB4B1EBC47C6000D267F /* ViewController.m */ = {isa = PBXFileReference; lastKnownFileType = sourcecode.c.objc; path = ViewController.m; sourceTree = "<group>"; };
		BFEDAB501EBC47C6000D267F /* Assets.xcassets */ = {isa = PBXFileReference; lastKnownFileType = folder.assetcatalog; path = Assets.xcassets; sourceTree = "<group>"; };
		BFEDAB531EBC47C6000D267F /* Base */ = {isa = PBXFileReference; lastKnownFileType = file.storyboard; name = Base; path = Base.lproj/LaunchScreen.storyboard; sourceTree = "<group>"; };
		BFEDAB551EBC47C6000D267F /* Info.plist */ = {isa = PBXFileReference; lastKnownFileType = text.plist.xml; path = Info.plist; sourceTree = "<group>"; };
		BFEDAB5B1EBC4998000D267F /* NewTool.h */ = {isa = PBXFileReference; fileEncoding = 4; lastKnownFileType = sourcecode.c.h; path = NewTool.h; sourceTree = "<group>"; };
		BFEDAB5C1EBC4998000D267F /* NewTool.m */ = {isa = PBXFileReference; fileEncoding = 4; lastKnownFileType = sourcecode.c.objc; path = NewTool.m; sourceTree = "<group>"; };
		BFEDAB5E1EBC54F6000D267F /* NewViewController.h */ = {isa = PBXFileReference; fileEncoding = 4; lastKnownFileType = sourcecode.c.h; path = NewViewController.h; sourceTree = "<group>"; };
		BFEDAB5F1EBC54F6000D267F /* NewViewController.m */ = {isa = PBXFileReference; fileEncoding = 4; lastKnownFileType = sourcecode.c.objc; path = NewViewController.m; sourceTree = "<group>"; };
/* End PBXFileReference section */

/* Begin PBXFrameworksBuildPhase section */
		BFEDAB3E1EBC47C6000D267F /* Frameworks */ = {
			isa = PBXFrameworksBuildPhase;
			buildActionMask = 2147483647;
			files = (
			);
			runOnlyForDeploymentPostprocessing = 0;
		};
/* End PBXFrameworksBuildPhase section */

/* Begin PBXGroup section */
		BFEDAB381EBC47C6000D267F = {
			isa = PBXGroup;
			children = (
				BFEDAB431EBC47C6000D267F /* NewProject */,
				BFEDAB421EBC47C6000D267F /* Products */,
			);
			sourceTree = "<group>";
		};
		BFEDAB421EBC47C6000D267F /* Products */ = {
			isa = PBXGroup;
			children = (
				BFEDAB411EBC47C6000D267F /* NewProject.app */,
			);
			name = Products;
			sourceTree = "<group>";
		};
		BFEDAB431EBC47C6000D267F /* NewProject */ = {
			isa = PBXGroup;
			children = (
				BFEDAB471EBC47C6000D267F /* AppDelegate.h */,
				BFEDAB481EBC47C6000D267F /* AppDelegate.m */,
				BFEDAB4A1EBC47C6000D267F /* ViewController.h */,
				BFEDAB4B1EBC47C6000D267F /* ViewController.m */,
				BFEDAB5E1EBC54F6000D267F /* NewViewController.h */,
				BFEDAB5F1EBC54F6000D267F /* NewViewController.m */,
				BFEDAB5B1EBC4998000D267F /* NewTool.h */,
				BFEDAB5C1EBC4998000D267F /* NewTool.m */,
				BFEDAB501EBC47C6000D267F /* Assets.xcassets */,
				BFEDAB521EBC47C6000D267F /* LaunchScreen.storyboard */,
				BFEDAB551EBC47C6000D267F /* Info.plist */,
				BFEDAB441EBC47C6000D267F /* Supporting Files */,
			);
			path = NewProject;
			sourceTree = "<group>";
		};
		BFEDAB441EBC47C6000D267F /* Supporting Files */ = {
			isa = PBXGroup;
			children = (
				BFEDAB451EBC47C6000D267F /* main.m */,
			);
			name = "Supporting Files";
			sourceTree = "<group>";
		};
/* End PBXGroup section */

/* Begin PBXNativeTarget section */
		BFEDAB401EBC47C6000D267F /* NewProject */ = {
			isa = PBXNativeTarget;
			buildConfigurationList = BFEDAB581EBC47C6000D267F /* Build configuration list for PBXNativeTarget "NewProject" */;
			buildPhases = (
				BFEDAB3D1EBC47C6000D267F /* Sources */,
				BFEDAB3E1EBC47C6000D267F /* Frameworks */,
				BFEDAB3F1EBC47C6000D267F /* Resources */,
			);
			buildRules = (
			);
			dependencies = (
			);
			name = NewProject;
			productName = NewProject;
			productReference = BFEDAB411EBC47C6000D267F /* NewProject.app */;
			productType = "com.apple.product-type.application";
		};
/* End PBXNativeTarget section */

/* Begin PBXProject section */
		BFEDAB391EBC47C6000D267F /* Project object */ = {
			isa = PBXProject;
			attributes = {
				LastUpgradeCheck = 0830;
				ORGANIZATIONNAME = SongXiaolong;
				TargetAttributes = {
					BFEDAB401EBC47C6000D267F = {
						CreatedOnToolsVersion = 8.3.2;
						DevelopmentTeam = SBJ46QVYPY;
						ProvisioningStyle = Automatic;
					};
				};
			};
			buildConfigurationList = BFEDAB3C1EBC47C6000D267F /* Build configuration list for PBXProject "NewProject" */;
			compatibilityVersion = "Xcode 3.2";
			developmentRegion = English;
			hasScannedForEncodings = 0;
			knownRegions = (
				en,
				Base,
			);
			mainGroup = BFEDAB381EBC47C6000D267F;
			productRefGroup = BFEDAB421EBC47C6000D267F /* Products */;
			projectDirPath = "";
			projectRoot = "";
			targets = (
				BFEDAB401EBC47C6000D267F /* NewProject */,
			);
		};
/* End PBXProject section */

/* Begin PBXResourcesBuildPhase section */
		BFEDAB3F1EBC47C6000D267F /* Resources */ = {
			isa = PBXResourcesBuildPhase;
			buildActionMask = 2147483647;
			files = (
				BFEDAB541EBC47C6000D267F /* LaunchScreen.storyboard in Resources */,
				BFEDAB511EBC47C6000D267F /* Assets.xcassets in Resources */,
			);
			runOnlyForDeploymentPostprocessing = 0;
		};
/* End PBXResourcesBuildPhase section */

/* Begin PBXSourcesBuildPhase section */
		BFEDAB3D1EBC47C6000D267F /* Sources */ = {
			isa = PBXSourcesBuildPhase;
			buildActionMask = 2147483647;
			files = (
				BFEDAB5D1EBC4998000D267F /* NewTool.m in Sources */,
				BFEDAB4C1EBC47C6000D267F /* ViewController.m in Sources */,
				BFEDAB601EBC54F6000D267F /* NewViewController.m in Sources */,
				BFEDAB491EBC47C6000D267F /* AppDelegate.m in Sources */,
				BFEDAB461EBC47C6000D267F /* main.m in Sources */,
			);
			runOnlyForDeploymentPostprocessing = 0;
		};
/* End PBXSourcesBuildPhase section */

/* Begin PBXVariantGroup section */
		BFEDAB521EBC47C6000D267F /* LaunchScreen.storyboard */ = {
			isa = PBXVariantGroup;
			children = (
				BFEDAB531EBC47C6000D267F /* Base */,
			);
			name = LaunchScreen.storyboard;
			sourceTree = "<group>";
		};
/* End PBXVariantGroup section */

/* Begin XCBuildConfiguration section */
		BFEDAB561EBC47C6000D267F /* Debug */ = {
			isa = XCBuildConfiguration;
			buildSettings = {
				ALWAYS_SEARCH_USER_PATHS = NO;
				CLANG_ANALYZER_NONNULL = YES;
				CLANG_ANALYZER_NUMBER_OBJECT_CONVERSION = YES_AGGRESSIVE;
				CLANG_CXX_LANGUAGE_STANDARD = "gnu++0x";
				CLANG_CXX_LIBRARY = "libc++";
				CLANG_ENABLE_MODULES = YES;
				CLANG_ENABLE_OBJC_ARC = YES;
				CLANG_WARN_BOOL_CONVERSION = YES;
				CLANG_WARN_CONSTANT_CONVERSION = YES;
				CLANG_WARN_DIRECT_OBJC_ISA_USAGE = YES_ERROR;
				CLANG_WARN_DOCUMENTATION_COMMENTS = YES;
				CLANG_WARN_EMPTY_BODY = YES;
				CLANG_WARN_ENUM_CONVERSION = YES;
				CLANG_WARN_INFINITE_RECURSION = YES;
				CLANG_WARN_INT_CONVERSION = YES;
				CLANG_WARN_OBJC_ROOT_CLASS = YES_ERROR;
				CLANG_WARN_SUSPICIOUS_MOVE = YES;
				CLANG_WARN_UNREACHABLE_CODE = YES;
				CLANG_WARN__DUPLICATE_METHOD_MATCH = YES;
				"CODE_SIGN_IDENTITY[sdk=iphoneos*]" = "iPhone Developer";
				COPY_PHASE_STRIP = NO;
				DEBUG_INFORMATION_FORMAT = dwarf;
				ENABLE_STRICT_OBJC_MSGSEND = YES;
				ENABLE_TESTABILITY = YES;
				GCC_C_LANGUAGE_STANDARD = gnu99;
				GCC_DYNAMIC_NO_PIC = NO;
				GCC_NO_COMMON_BLOCKS = YES;
				GCC_OPTIMIZATION_LEVEL = 0;
				GCC_PREPROCESSOR_DEFINITIONS = (
					"DEBUG=1",
					"$(inherited)",
				);
				GCC_WARN_64_TO_32_BIT_CONVERSION = YES;
				GCC_WARN_ABOUT_RETURN_TYPE = YES_ERROR;
				GCC_WARN_UNDECLARED_SELECTOR = YES;
				GCC_WARN_UNINITIALIZED_AUTOS = YES_AGGRESSIVE;
				GCC_WARN_UNUSED_FUNCTION = YES;
				GCC_WARN_UNUSED_VARIABLE = YES;
				IPHONEOS_DEPLOYMENT_TARGET = 10.3;
				MTL_ENABLE_DEBUG_INFO = YES;
				ONLY_ACTIVE_ARCH = YES;
				SDKROOT = iphoneos;
			};
			name = Debug;
		};
		BFEDAB571EBC47C6000D267F /* Release */ = {
			isa = XCBuildConfiguration;
			buildSettings = {
				ALWAYS_SEARCH_USER_PATHS = NO;
				CLANG_ANALYZER_NONNULL = YES;
				CLANG_ANALYZER_NUMBER_OBJECT_CONVERSION = YES_AGGRESSIVE;
				CLANG_CXX_LANGUAGE_STANDARD = "gnu++0x";
				CLANG_CXX_LIBRARY = "libc++";
				CLANG_ENABLE_MODULES = YES;
				CLANG_ENABLE_OBJC_ARC = YES;
				CLANG_WARN_BOOL_CONVERSION = YES;
				CLANG_WARN_CONSTANT_CONVERSION = YES;
				CLANG_WARN_DIRECT_OBJC_ISA_USAGE = YES_ERROR;
				CLANG_WARN_DOCUMENTATION_COMMENTS = YES;
				CLANG_WARN_EMPTY_BODY = YES;
				CLANG_WARN_ENUM_CONVERSION = YES;
				CLANG_WARN_INFINITE_RECURSION = YES;
				CLANG_WARN_INT_CONVERSION = YES;
				CLANG_WARN_OBJC_ROOT_CLASS = YES_ERROR;
				CLANG_WARN_SUSPICIOUS_MOVE = YES;
				CLANG_WARN_UNREACHABLE_CODE = YES;
				CLANG_WARN__DUPLICATE_METHOD_MATCH = YES;
				"CODE_SIGN_IDENTITY[sdk=iphoneos*]" = "iPhone Developer";
				COPY_PHASE_STRIP = NO;
				DEBUG_INFORMATION_FORMAT = "dwarf-with-dsym";
				ENABLE_NS_ASSERTIONS = NO;
				ENABLE_STRICT_OBJC_MSGSEND = YES;
				GCC_C_LANGUAGE_STANDARD = gnu99;
				GCC_NO_COMMON_BLOCKS = YES;
				GCC_WARN_64_TO_32_BIT_CONVERSION = YES;
				GCC_WARN_ABOUT_RETURN_TYPE = YES_ERROR;
				GCC_WARN_UNDECLARED_SELECTOR = YES;
				GCC_WARN_UNINITIALIZED_AUTOS = YES_AGGRESSIVE;
				GCC_WARN_UNUSED_FUNCTION = YES;
				GCC_WARN_UNUSED_VARIABLE = YES;
				IPHONEOS_DEPLOYMENT_TARGET = 10.3;
				MTL_ENABLE_DEBUG_INFO = NO;
				SDKROOT = iphoneos;
				VALIDATE_PRODUCT = YES;
			};
			name = Release;
		};
		BFEDAB591EBC47C6000D267F /* Debug */ = {
			isa = XCBuildConfiguration;
			buildSettings = {
				ASSETCATALOG_COMPILER_APPICON_NAME = AppIcon;
				DEVELOPMENT_TEAM = SBJ46QVYPY;
				INFOPLIST_FILE = NewProject/Info.plist;
				IPHONEOS_DEPLOYMENT_TARGET = 8.0;
				LD_RUNPATH_SEARCH_PATHS = "$(inherited) @executable_path/Frameworks";
				PRODUCT_BUNDLE_IDENTIFIER = com.jdavr.NewProject;
				PRODUCT_NAME = "$(TARGET_NAME)";
				TARGETED_DEVICE_FAMILY = "1,2";
			};
			name = Debug;
		};
		BFEDAB5A1EBC47C6000D267F /* Release */ = {
			isa = XCBuildConfiguration;
			buildSettings = {
				ASSETCATALOG_COMPILER_APPICON_NAME = AppIcon;
				DEVELOPMENT_TEAM = SBJ46QVYPY;
				INFOPLIST_FILE = NewProject/Info.plist;
				IPHONEOS_DEPLOYMENT_TARGET = 8.0;
				LD_RUNPATH_SEARCH_PATHS = "$(inherited) @executable_path/Frameworks";
				PRODUCT_BUNDLE_IDENTIFIER = com.jdavr.NewProject;
				PRODUCT_NAME = "$(TARGET_NAME)";
				TARGETED_DEVICE_FAMILY = "1,2";
			};
			name = Release;
		};
/* End XCBuildConfiguration section */

/* Begin XCConfigurationList section */
		BFEDAB3C1EBC47C6000D267F /* Build configuration list for PBXProject "NewProject" */ = {
			isa = XCConfigurationList;
			buildConfigurations = (
				BFEDAB561EBC47C6000D267F /* Debug */,
				BFEDAB571EBC47C6000D267F /* Release */,
			);
			defaultConfigurationIsVisible = 0;
			defaultConfigurationName = Release;
		};
		BFEDAB581EBC47C6000D267F /* Build configuration list for PBXNativeTarget "NewProject" */ = {
			isa = XCConfigurationList;
			buildConfigurations = (
				BFEDAB591EBC47C6000D267F /* Debug */,
				BFEDAB5A1EBC47C6000D267F /* Release */,
			);
			defaultConfigurationIsVisible = 0;
			defaultConfigurationName = Release;
		};
/* End XCConfigurationList section */
	};
	rootObject = BFEDAB391EBC47C6000D267F /* Project object */;
}
